// !$*UTF8*$!
{
	archiveVersion = 1;
	classes = {
	};
	objectVersion = 50;
	objects = {

/* Begin PBXBuildFile section */
		8C11E1EE24D94A9700D4CAB4 /* Data.swift in Sources */ = {isa = PBXBuildFile; fileRef = 8C11E1ED24D94A9700D4CAB4 /* Data.swift */; };
		8C11E1F524D94DC300D4CAB4 /* ApplicationData.swift in Sources */ = {isa = PBXBuildFile; fileRef = 8C11E1F424D94DC300D4CAB4 /* ApplicationData.swift */; };
		BD425B1524DD6E2600845F6D /* UserRankProfileView.swift in Sources */ = {isa = PBXBuildFile; fileRef = BD425B1324DD6E2600845F6D /* UserRankProfileView.swift */; };
		BD425B1624DD6E2600845F6D /* UserTopRankView.swift in Sources */ = {isa = PBXBuildFile; fileRef = BD425B1424DD6E2600845F6D /* UserTopRankView.swift */; };
		BD425B1C24DD6E6300845F6D /* RankView.swift in Sources */ = {isa = PBXBuildFile; fileRef = BD425B1B24DD6E6300845F6D /* RankView.swift */; };
		BD425B1E24DD6EA700845F6D /* Colorextensions.swift in Sources */ = {isa = PBXBuildFile; fileRef = BD425B1D24DD6EA700845F6D /* Colorextensions.swift */; };
		BD425B2024DD6F3E00845F6D /* UserDataGenerated.json in Resources */ = {isa = PBXBuildFile; fileRef = BD425B1F24DD6F3D00845F6D /* UserDataGenerated.json */; };
		BD425B2224DD6F4F00845F6D /* Profile.swift in Sources */ = {isa = PBXBuildFile; fileRef = BD425B2124DD6F4F00845F6D /* Profile.swift */; };
		BD425B2424DD6F7000845F6D /* User.swift in Sources */ = {isa = PBXBuildFile; fileRef = BD425B2324DD6F7000845F6D /* User.swift */; };
		BDE7DA0C24DD88AB006CB381 /* RootView.swift in Sources */ = {isa = PBXBuildFile; fileRef = BDE7DA0B24DD88AB006CB381 /* RootView.swift */; };
		D789777124D8433100AD4DDB /* AppDelegate.swift in Sources */ = {isa = PBXBuildFile; fileRef = D789777024D8433100AD4DDB /* AppDelegate.swift */; };
		D789777324D8433100AD4DDB /* SceneDelegate.swift in Sources */ = {isa = PBXBuildFile; fileRef = D789777224D8433100AD4DDB /* SceneDelegate.swift */; };
		D789777724D8433300AD4DDB /* Assets.xcassets in Resources */ = {isa = PBXBuildFile; fileRef = D789777624D8433300AD4DDB /* Assets.xcassets */; };
		D789777A24D8433300AD4DDB /* Preview Assets.xcassets in Resources */ = {isa = PBXBuildFile; fileRef = D789777924D8433300AD4DDB /* Preview Assets.xcassets */; };
/* End PBXBuildFile section */

/* Begin PBXFileReference section */
		8C11E1ED24D94A9700D4CAB4 /* Data.swift */ = {isa = PBXFileReference; fileEncoding = 4; lastKnownFileType = sourcecode.swift; path = Data.swift; sourceTree = "<group>"; };
		8C11E1F424D94DC300D4CAB4 /* ApplicationData.swift */ = {isa = PBXFileReference; lastKnownFileType = sourcecode.swift; path = ApplicationData.swift; sourceTree = "<group>"; };
		BD425B1324DD6E2600845F6D /* UserRankProfileView.swift */ = {isa = PBXFileReference; fileEncoding = 4; lastKnownFileType = sourcecode.swift; path = UserRankProfileView.swift; sourceTree = "<group>"; };
		BD425B1424DD6E2600845F6D /* UserTopRankView.swift */ = {isa = PBXFileReference; fileEncoding = 4; lastKnownFileType = sourcecode.swift; path = UserTopRankView.swift; sourceTree = "<group>"; };
		BD425B1B24DD6E6300845F6D /* RankView.swift */ = {isa = PBXFileReference; fileEncoding = 4; lastKnownFileType = sourcecode.swift; path = RankView.swift; sourceTree = "<group>"; };
		BD425B1D24DD6EA700845F6D /* Colorextensions.swift */ = {isa = PBXFileReference; fileEncoding = 4; lastKnownFileType = sourcecode.swift; path = Colorextensions.swift; sourceTree = "<group>"; };
		BD425B1F24DD6F3D00845F6D /* UserDataGenerated.json */ = {isa = PBXFileReference; fileEncoding = 4; lastKnownFileType = text.json; path = UserDataGenerated.json; sourceTree = "<group>"; };
		BD425B2124DD6F4F00845F6D /* Profile.swift */ = {isa = PBXFileReference; fileEncoding = 4; lastKnownFileType = sourcecode.swift; path = Profile.swift; sourceTree = "<group>"; };
		BD425B2324DD6F7000845F6D /* User.swift */ = {isa = PBXFileReference; fileEncoding = 4; lastKnownFileType = sourcecode.swift; path = User.swift; sourceTree = "<group>"; };
		BDE7DA0B24DD88AB006CB381 /* RootView.swift */ = {isa = PBXFileReference; fileEncoding = 4; lastKnownFileType = sourcecode.swift; name = RootView.swift; path = ../../../Downloads/RootView.swift; sourceTree = "<group>"; };
		D789776D24D8433100AD4DDB /* App_cinema.app */ = {isa = PBXFileReference; explicitFileType = wrapper.application; includeInIndex = 0; path = App_cinema.app; sourceTree = BUILT_PRODUCTS_DIR; };
		D789777024D8433100AD4DDB /* AppDelegate.swift */ = {isa = PBXFileReference; lastKnownFileType = sourcecode.swift; path = AppDelegate.swift; sourceTree = "<group>"; };
		D789777224D8433100AD4DDB /* SceneDelegate.swift */ = {isa = PBXFileReference; lastKnownFileType = sourcecode.swift; path = SceneDelegate.swift; sourceTree = "<group>"; };
		D789777624D8433300AD4DDB /* Assets.xcassets */ = {isa = PBXFileReference; lastKnownFileType = folder.assetcatalog; path = Assets.xcassets; sourceTree = "<group>"; };
		D789777924D8433300AD4DDB /* Preview Assets.xcassets */ = {isa = PBXFileReference; lastKnownFileType = folder.assetcatalog; path = "Preview Assets.xcassets"; sourceTree = "<group>"; };
		D789777E24D8433300AD4DDB /* Info.plist */ = {isa = PBXFileReference; lastKnownFileType = text.plist.xml; path = Info.plist; sourceTree = "<group>"; };
/* End PBXFileReference section */

/* Begin PBXFrameworksBuildPhase section */
		D789776A24D8433100AD4DDB /* Frameworks */ = {
			isa = PBXFrameworksBuildPhase;
			buildActionMask = 2147483647;
			files = (
			);
			runOnlyForDeploymentPostprocessing = 0;
		};
/* End PBXFrameworksBuildPhase section */

/* Begin PBXGroup section */
		8C11E1EC24D94A7100D4CAB4 /* Model */ = {
			isa = PBXGroup;
			children = (
				8C11E1ED24D94A9700D4CAB4 /* Data.swift */,
				8C11E1F424D94DC300D4CAB4 /* ApplicationData.swift */,
				BD425B2324DD6F7000845F6D /* User.swift */,
			);
			path = Model;
			sourceTree = "<group>";
		};
		8C11E1F124D94ACA00D4CAB4 /* Resources */ = {
			isa = PBXGroup;
			children = (
				BD425B1F24DD6F3D00845F6D /* UserDataGenerated.json */,
			);
			path = Resources;
			sourceTree = "<group>";
		};
		D789776424D8433100AD4DDB = {
			isa = PBXGroup;
			children = (
				D789776F24D8433100AD4DDB /* App_cinema */,
				D789776E24D8433100AD4DDB /* Products */,
				BD425B1D24DD6EA700845F6D /* Colorextensions.swift */,
			);
			sourceTree = "<group>";
		};
		D789776E24D8433100AD4DDB /* Products */ = {
			isa = PBXGroup;
			children = (
				D789776D24D8433100AD4DDB /* App_cinema.app */,
			);
			name = Products;
			sourceTree = "<group>";
		};
		D789776F24D8433100AD4DDB /* App_cinema */ = {
			isa = PBXGroup;
			children = (
				8C11E1F124D94ACA00D4CAB4 /* Resources */,
				8C11E1EC24D94A7100D4CAB4 /* Model */,
				D789777024D8433100AD4DDB /* AppDelegate.swift */,
				BD425B1324DD6E2600845F6D /* UserRankProfileView.swift */,
				BD425B1424DD6E2600845F6D /* UserTopRankView.swift */,
				BD425B1B24DD6E6300845F6D /* RankView.swift */,
				BD425B2124DD6F4F00845F6D /* Profile.swift */,
				BDE7DA0B24DD88AB006CB381 /* RootView.swift */,
				D789777224D8433100AD4DDB /* SceneDelegate.swift */,
				D789777624D8433300AD4DDB /* Assets.xcassets */,
				D789777E24D8433300AD4DDB /* Info.plist */,
				D789777824D8433300AD4DDB /* Preview Content */,
			);
			path = App_cinema;
			sourceTree = "<group>";
		};
		D789777824D8433300AD4DDB /* Preview Content */ = {
			isa = PBXGroup;
			children = (
				D789777924D8433300AD4DDB /* Preview Assets.xcassets */,
			);
			path = "Preview Content";
			sourceTree = "<group>";
		};
/* End PBXGroup section */

/* Begin PBXNativeTarget section */
		D789776C24D8433100AD4DDB /* App_cinema */ = {
			isa = PBXNativeTarget;
			buildConfigurationList = D789778124D8433300AD4DDB /* Build configuration list for PBXNativeTarget "App_cinema" */;
			buildPhases = (
				D789776924D8433100AD4DDB /* Sources */,
				D789776A24D8433100AD4DDB /* Frameworks */,
				D789776B24D8433100AD4DDB /* Resources */,
			);
			buildRules = (
			);
			dependencies = (
			);
			name = App_cinema;
			productName = App_cinema;
			productReference = D789776D24D8433100AD4DDB /* App_cinema.app */;
			productType = "com.apple.product-type.application";
		};
/* End PBXNativeTarget section */

/* Begin PBXProject section */
		D789776524D8433100AD4DDB /* Project object */ = {
			isa = PBXProject;
			attributes = {
				LastSwiftUpdateCheck = 1160;
				LastUpgradeCheck = 1160;
				ORGANIZATIONNAME = "Groupe Cinéma";
				TargetAttributes = {
					D789776C24D8433100AD4DDB = {
						CreatedOnToolsVersion = 11.6;
					};
				};
			};
			buildConfigurationList = D789776824D8433100AD4DDB /* Build configuration list for PBXProject "App_cinema" */;
			compatibilityVersion = "Xcode 9.3";
			developmentRegion = en;
			hasScannedForEncodings = 0;
			knownRegions = (
				en,
				Base,
			);
			mainGroup = D789776424D8433100AD4DDB;
			productRefGroup = D789776E24D8433100AD4DDB /* Products */;
			projectDirPath = "";
			projectRoot = "";
			targets = (
				D789776C24D8433100AD4DDB /* App_cinema */,
			);
		};
/* End PBXProject section */

/* Begin PBXResourcesBuildPhase section */
		D789776B24D8433100AD4DDB /* Resources */ = {
			isa = PBXResourcesBuildPhase;
			buildActionMask = 2147483647;
			files = (
				D789777A24D8433300AD4DDB /* Preview Assets.xcassets in Resources */,
				BD425B2024DD6F3E00845F6D /* UserDataGenerated.json in Resources */,
				D789777724D8433300AD4DDB /* Assets.xcassets in Resources */,
			);
			runOnlyForDeploymentPostprocessing = 0;
		};
/* End PBXResourcesBuildPhase section */

/* Begin PBXSourcesBuildPhase section */
		D789776924D8433100AD4DDB /* Sources */ = {
			isa = PBXSourcesBuildPhase;
			buildActionMask = 2147483647;
			files = (
				D789777124D8433100AD4DDB /* AppDelegate.swift in Sources */,
				BD425B1624DD6E2600845F6D /* UserTopRankView.swift in Sources */,
				D789777324D8433100AD4DDB /* SceneDelegate.swift in Sources */,
				BD425B1E24DD6EA700845F6D /* Colorextensions.swift in Sources */,
				BD425B1524DD6E2600845F6D /* UserRankProfileView.swift in Sources */,
				BD425B1C24DD6E6300845F6D /* RankView.swift in Sources */,
				BD425B2424DD6F7000845F6D /* User.swift in Sources */,
				BD425B2224DD6F4F00845F6D /* Profile.swift in Sources */,
				8C11E1F524D94DC300D4CAB4 /* ApplicationData.swift in Sources */,
				8C11E1EE24D94A9700D4CAB4 /* Data.swift in Sources */,
				BDE7DA0C24DD88AB006CB381 /* RootView.swift in Sources */,
			);
			runOnlyForDeploymentPostprocessing = 0;
		};
/* End PBXSourcesBuildPhase section */

/* Begin XCBuildConfiguration section */
		D789777F24D8433300AD4DDB /* Debug */ = {
			isa = XCBuildConfiguration;
			buildSettings = {
				ALWAYS_SEARCH_USER_PATHS = NO;
				CLANG_ANALYZER_NONNULL = YES;
				CLANG_ANALYZER_NUMBER_OBJECT_CONVERSION = YES_AGGRESSIVE;
				CLANG_CXX_LANGUAGE_STANDARD = "gnu++14";
				CLANG_CXX_LIBRARY = "libc++";
				CLANG_ENABLE_MODULES = YES;
				CLANG_ENABLE_OBJC_ARC = YES;
				CLANG_ENABLE_OBJC_WEAK = YES;
				CLANG_WARN_BLOCK_CAPTURE_AUTORELEASING = YES;
				CLANG_WARN_BOOL_CONVERSION = YES;
				CLANG_WARN_COMMA = YES;
				CLANG_WARN_CONSTANT_CONVERSION = YES;
				CLANG_WARN_DEPRECATED_OBJC_IMPLEMENTATIONS = YES;
				CLANG_WARN_DIRECT_OBJC_ISA_USAGE = YES_ERROR;
				CLANG_WARN_DOCUMENTATION_COMMENTS = YES;
				CLANG_WARN_EMPTY_BODY = YES;
				CLANG_WARN_ENUM_CONVERSION = YES;
				CLANG_WARN_INFINITE_RECURSION = YES;
				CLANG_WARN_INT_CONVERSION = YES;
				CLANG_WARN_NON_LITERAL_NULL_CONVERSION = YES;
				CLANG_WARN_OBJC_IMPLICIT_RETAIN_SELF = YES;
				CLANG_WARN_OBJC_LITERAL_CONVERSION = YES;
				CLANG_WARN_OBJC_ROOT_CLASS = YES_ERROR;
				CLANG_WARN_RANGE_LOOP_ANALYSIS = YES;
				CLANG_WARN_STRICT_PROTOTYPES = YES;
				CLANG_WARN_SUSPICIOUS_MOVE = YES;
				CLANG_WARN_UNGUARDED_AVAILABILITY = YES_AGGRESSIVE;
				CLANG_WARN_UNREACHABLE_CODE = YES;
				CLANG_WARN__DUPLICATE_METHOD_MATCH = YES;
				COPY_PHASE_STRIP = NO;
				DEBUG_INFORMATION_FORMAT = dwarf;
				ENABLE_STRICT_OBJC_MSGSEND = YES;
				ENABLE_TESTABILITY = YES;
				GCC_C_LANGUAGE_STANDARD = gnu11;
				GCC_DYNAMIC_NO_PIC = NO;
				GCC_NO_COMMON_BLOCKS = YES;
				GCC_OPTIMIZATION_LEVEL = 0;
				GCC_PREPROCESSOR_DEFINITIONS = (
					"DEBUG=1",
					"$(inherited)",
				);
				GCC_WARN_64_TO_32_BIT_CONVERSION = YES;
				GCC_WARN_ABOUT_RETURN_TYPE = YES_ERROR;
				GCC_WARN_UNDECLARED_SELECTOR = YES;
				GCC_WARN_UNINITIALIZED_AUTOS = YES_AGGRESSIVE;
				GCC_WARN_UNUSED_FUNCTION = YES;
				GCC_WARN_UNUSED_VARIABLE = YES;
				IPHONEOS_DEPLOYMENT_TARGET = 13.6;
				MTL_ENABLE_DEBUG_INFO = INCLUDE_SOURCE;
				MTL_FAST_MATH = YES;
				ONLY_ACTIVE_ARCH = YES;
				SDKROOT = iphoneos;
				SWIFT_ACTIVE_COMPILATION_CONDITIONS = DEBUG;
				SWIFT_OPTIMIZATION_LEVEL = "-Onone";
			};
			name = Debug;
		};
		D789778024D8433300AD4DDB /* Release */ = {
			isa = XCBuildConfiguration;
			buildSettings = {
				ALWAYS_SEARCH_USER_PATHS = NO;
				CLANG_ANALYZER_NONNULL = YES;
				CLANG_ANALYZER_NUMBER_OBJECT_CONVERSION = YES_AGGRESSIVE;
				CLANG_CXX_LANGUAGE_STANDARD = "gnu++14";
				CLANG_CXX_LIBRARY = "libc++";
				CLANG_ENABLE_MODULES = YES;
				CLANG_ENABLE_OBJC_ARC = YES;
				CLANG_ENABLE_OBJC_WEAK = YES;
				CLANG_WARN_BLOCK_CAPTURE_AUTORELEASING = YES;
				CLANG_WARN_BOOL_CONVERSION = YES;
				CLANG_WARN_COMMA = YES;
				CLANG_WARN_CONSTANT_CONVERSION = YES;
				CLANG_WARN_DEPRECATED_OBJC_IMPLEMENTATIONS = YES;
				CLANG_WARN_DIRECT_OBJC_ISA_USAGE = YES_ERROR;
				CLANG_WARN_DOCUMENTATION_COMMENTS = YES;
				CLANG_WARN_EMPTY_BODY = YES;
				CLANG_WARN_ENUM_CONVERSION = YES;
				CLANG_WARN_INFINITE_RECURSION = YES;
				CLANG_WARN_INT_CONVERSION = YES;
				CLANG_WARN_NON_LITERAL_NULL_CONVERSION = YES;
				CLANG_WARN_OBJC_IMPLICIT_RETAIN_SELF = YES;
				CLANG_WARN_OBJC_LITERAL_CONVERSION = YES;
				CLANG_WARN_OBJC_ROOT_CLASS = YES_ERROR;
				CLANG_WARN_RANGE_LOOP_ANALYSIS = YES;
				CLANG_WARN_STRICT_PROTOTYPES = YES;
				CLANG_WARN_SUSPICIOUS_MOVE = YES;
				CLANG_WARN_UNGUARDED_AVAILABILITY = YES_AGGRESSIVE;
				CLANG_WARN_UNREACHABLE_CODE = YES;
				CLANG_WARN__DUPLICATE_METHOD_MATCH = YES;
				COPY_PHASE_STRIP = NO;
				DEBUG_INFORMATION_FORMAT = "dwarf-with-dsym";
				ENABLE_NS_ASSERTIONS = NO;
				ENABLE_STRICT_OBJC_MSGSEND = YES;
				GCC_C_LANGUAGE_STANDARD = gnu11;
				GCC_NO_COMMON_BLOCKS = YES;
				GCC_WARN_64_TO_32_BIT_CONVERSION = YES;
				GCC_WARN_ABOUT_RETURN_TYPE = YES_ERROR;
				GCC_WARN_UNDECLARED_SELECTOR = YES;
				GCC_WARN_UNINITIALIZED_AUTOS = YES_AGGRESSIVE;
				GCC_WARN_UNUSED_FUNCTION = YES;
				GCC_WARN_UNUSED_VARIABLE = YES;
				IPHONEOS_DEPLOYMENT_TARGET = 13.6;
				MTL_ENABLE_DEBUG_INFO = NO;
				MTL_FAST_MATH = YES;
				SDKROOT = iphoneos;
				SWIFT_COMPILATION_MODE = wholemodule;
				SWIFT_OPTIMIZATION_LEVEL = "-O";
				VALIDATE_PRODUCT = YES;
			};
			name = Release;
		};
		D789778224D8433300AD4DDB /* Debug */ = {
			isa = XCBuildConfiguration;
			buildSettings = {
				ASSETCATALOG_COMPILER_APPICON_NAME = AppIcon;
				CODE_SIGN_STYLE = Automatic;
				DEVELOPMENT_ASSET_PATHS = "\"App_cinema/Preview Content\"";
				ENABLE_PREVIEWS = YES;
				INFOPLIST_FILE = App_cinema/Info.plist;
				LD_RUNPATH_SEARCH_PATHS = (
					"$(inherited)",
					"@executable_path/Frameworks",
				);
				PRODUCT_BUNDLE_IDENTIFIER = "simplon.App-cinema";
				PRODUCT_NAME = "$(TARGET_NAME)";
				SWIFT_VERSION = 5.0;
				TARGETED_DEVICE_FAMILY = "1,2";
			};
			name = Debug;
		};
		D789778324D8433300AD4DDB /* Release */ = {
			isa = XCBuildConfiguration;
			buildSettings = {
				ASSETCATALOG_COMPILER_APPICON_NAME = AppIcon;
				CODE_SIGN_STYLE = Automatic;
				DEVELOPMENT_ASSET_PATHS = "\"App_cinema/Preview Content\"";
				ENABLE_PREVIEWS = YES;
				INFOPLIST_FILE = App_cinema/Info.plist;
				LD_RUNPATH_SEARCH_PATHS = (
					"$(inherited)",
					"@executable_path/Frameworks",
				);
				PRODUCT_BUNDLE_IDENTIFIER = "simplon.App-cinema";
				PRODUCT_NAME = "$(TARGET_NAME)";
				SWIFT_VERSION = 5.0;
				TARGETED_DEVICE_FAMILY = "1,2";
			};
			name = Release;
		};
/* End XCBuildConfiguration section */

/* Begin XCConfigurationList section */
		D789776824D8433100AD4DDB /* Build configuration list for PBXProject "App_cinema" */ = {
			isa = XCConfigurationList;
			buildConfigurations = (
				D789777F24D8433300AD4DDB /* Debug */,
				D789778024D8433300AD4DDB /* Release */,
			);
			defaultConfigurationIsVisible = 0;
			defaultConfigurationName = Release;
		};
		D789778124D8433300AD4DDB /* Build configuration list for PBXNativeTarget "App_cinema" */ = {
			isa = XCConfigurationList;
			buildConfigurations = (
				D789778224D8433300AD4DDB /* Debug */,
				D789778324D8433300AD4DDB /* Release */,
			);
			defaultConfigurationIsVisible = 0;
			defaultConfigurationName = Release;
		};
/* End XCConfigurationList section */
	};
	rootObject = D789776524D8433100AD4DDB /* Project object */;
}
